PODS:
  - Alamofire (4.1.0)
  - AlamofireImage (3.1.0):
    - Alamofire (~> 4.0)
  - BmoImageLoader (1.0.0):
    - AlamofireImage (~> 3.1)

DEPENDENCIES:
  - BmoImageLoader (from `../`)

EXTERNAL SOURCES:
  BmoImageLoader:
    :path: ../

SPEC CHECKSUMS:
  Alamofire: e266cf991b933498df791e645e0d8ac294492153
  AlamofireImage: bb8c8351c51cb1633bb6be69b6dbbaff37ce65b7
  BmoImageLoader: e48da8a14ab3d7aba84b04345eeff36dcc17b942

PODFILE CHECKSUM: 2c28a5646297d0a4a88330b09fee98cc5f8949b1

COCOAPODS: 1.2.0.beta.1
